
Microsoft Visual Studio Solution File, Format Version 12.00
# Visual Studio Version 16
VisualStudioVersion = 16.0.30011.22
MinimumVisualStudioVersion = 10.0.40219.1
Project("{FAE04EC0-301F-11D3-BF4B-00C04F79EFBC}") = "BankingSystem", "BankingSystem\BankingSystem.csproj", "{76687C34-9310-423E-932B-BC62C4A36A6F}"
EndProject
Project("{FAE04EC0-301F-11D3-BF4B-00C04F79EFBC}") = "CalculateDepositLibrary", "CalculateDepositLibrary\CalculateDepositLibrary.csproj", "{4322593E-DA19-4CB2-88CB-5D4CC846CFB9}"
EndProject
Project("{FAE04EC0-301F-11D3-BF4B-00C04F79EFBC}") = "RequisitesLibrary", "RequisitesLibrary\RequisitesLibrary.csproj", "{AEB6F670-CDB6-44A9-9D83-00ACA4CDC310}"
EndProject
Project("{FAE04EC0-301F-11D3-BF4B-00C04F79EFBC}") = "DataLibrary", "DataLibrary\DataLibrary.csproj", "{E02F0481-0DD1-4EA5-88CF-93CCBCA29286}"
EndProject
Project("{FAE04EC0-301F-11D3-BF4B-00C04F79EFBC}") = "DbInteraction", "DbInteraction\DbInteraction.csproj", "{812348AF-3D32-4F87-84F5-CAEC9BEFA064}"
EndProject
Global
	GlobalSection(SolutionConfigurationPlatforms) = preSolution
		Debug|Any CPU = Debug|Any CPU
		Release|Any CPU = Release|Any CPU
	EndGlobalSection
	GlobalSection(ProjectConfigurationPlatforms) = postSolution
		{76687C34-9310-423E-932B-BC62C4A36A6F}.Debug|Any CPU.ActiveCfg = Debug|Any CPU
		{76687C34-9310-423E-932B-BC62C4A36A6F}.Debug|Any CPU.Build.0 = Debug|Any CPU
		{76687C34-9310-423E-932B-BC62C4A36A6F}.Release|Any CPU.ActiveCfg = Release|Any CPU
		{76687C34-9310-423E-932B-BC62C4A36A6F}.Release|Any CPU.Build.0 = Release|Any CPU
		{4322593E-DA19-4CB2-88CB-5D4CC846CFB9}.Debug|Any CPU.ActiveCfg = Debug|Any CPU
		{4322593E-DA19-4CB2-88CB-5D4CC846CFB9}.Debug|Any CPU.Build.0 = Debug|Any CPU
		{4322593E-DA19-4CB2-88CB-5D4CC846CFB9}.Release|Any CPU.ActiveCfg = Release|Any CPU
		{4322593E-DA19-4CB2-88CB-5D4CC846CFB9}.Release|Any CPU.Build.0 = Release|Any CPU
		{AEB6F670-CDB6-44A9-9D83-00ACA4CDC310}.Debug|Any CPU.ActiveCfg = Debug|Any CPU
		{AEB6F670-CDB6-44A9-9D83-00ACA4CDC310}.Debug|Any CPU.Build.0 = Debug|Any CPU
		{AEB6F670-CDB6-44A9-9D83-00ACA4CDC310}.Release|Any CPU.ActiveCfg = Release|Any CPU
		{AEB6F670-CDB6-44A9-9D83-00ACA4CDC310}.Release|Any CPU.Build.0 = Release|Any CPU
		{E02F0481-0DD1-4EA5-88CF-93CCBCA29286}.Debug|Any CPU.ActiveCfg = Debug|Any CPU
		{E02F0481-0DD1-4EA5-88CF-93CCBCA29286}.Debug|Any CPU.Build.0 = Debug|Any CPU
		{E02F0481-0DD1-4EA5-88CF-93CCBCA29286}.Release|Any CPU.ActiveCfg = Release|Any CPU
		{E02F0481-0DD1-4EA5-88CF-93CCBCA29286}.Release|Any CPU.Build.0 = Release|Any CPU
		{812348AF-3D32-4F87-84F5-CAEC9BEFA064}.Debug|Any CPU.ActiveCfg = Debug|Any CPU
		{812348AF-3D32-4F87-84F5-CAEC9BEFA064}.Debug|Any CPU.Build.0 = Debug|Any CPU
		{812348AF-3D32-4F87-84F5-CAEC9BEFA064}.Release|Any CPU.ActiveCfg = Release|Any CPU
		{812348AF-3D32-4F87-84F5-CAEC9BEFA064}.Release|Any CPU.Build.0 = Release|Any CPU
	EndGlobalSection
	GlobalSection(SolutionProperties) = preSolution
		HideSolutionNode = FALSE
	EndGlobalSection
	GlobalSection(ExtensibilityGlobals) = postSolution
		SolutionGuid = {CAD7296D-757C-4EBE-A5F9-C720F0006FE9}
	EndGlobalSection
EndGlobal
